// !$*UTF8*$!
{
	archiveVersion = 1;
	classes = {
	};
	objectVersion = 56;
	objects = {

/* Begin PBXBuildFile section */
		C827E3612990CB5C0039ED5E /* AppDelegate.swift in Sources */ = {isa = PBXBuildFile; fileRef = C827E3602990CB5C0039ED5E /* AppDelegate.swift */; };
		C827E3632990CB5C0039ED5E /* SceneDelegate.swift in Sources */ = {isa = PBXBuildFile; fileRef = C827E3622990CB5C0039ED5E /* SceneDelegate.swift */; };
		C827E3682990CB5C0039ED5E /* Main.storyboard in Resources */ = {isa = PBXBuildFile; fileRef = C827E3662990CB5C0039ED5E /* Main.storyboard */; };
		C827E36B2990CB5C0039ED5E /* AcronymFinder.xcdatamodeld in Sources */ = {isa = PBXBuildFile; fileRef = C827E3692990CB5C0039ED5E /* AcronymFinder.xcdatamodeld */; };
		C827E36D2990CB5E0039ED5E /* Assets.xcassets in Resources */ = {isa = PBXBuildFile; fileRef = C827E36C2990CB5E0039ED5E /* Assets.xcassets */; };
		C827E3702990CB5E0039ED5E /* LaunchScreen.storyboard in Resources */ = {isa = PBXBuildFile; fileRef = C827E36E2990CB5E0039ED5E /* LaunchScreen.storyboard */; };
		C827E37B2990CB5E0039ED5E /* AcronymFinderTests.swift in Sources */ = {isa = PBXBuildFile; fileRef = C827E37A2990CB5E0039ED5E /* AcronymFinderTests.swift */; };
		C827E3852990CB5E0039ED5E /* AcronymFinderUITests.swift in Sources */ = {isa = PBXBuildFile; fileRef = C827E3842990CB5E0039ED5E /* AcronymFinderUITests.swift */; };
		C827E3872990CB5E0039ED5E /* AcronymFinderUITestsLaunchTests.swift in Sources */ = {isa = PBXBuildFile; fileRef = C827E3862990CB5E0039ED5E /* AcronymFinderUITestsLaunchTests.swift */; };
		C827E3952990CBA80039ED5E /* AcronymFinderViewController.swift in Sources */ = {isa = PBXBuildFile; fileRef = C827E3942990CBA80039ED5E /* AcronymFinderViewController.swift */; };
		C827E3982990CF500039ED5E /* AcronymDataModel.swift in Sources */ = {isa = PBXBuildFile; fileRef = C827E3972990CF500039ED5E /* AcronymDataModel.swift */; };
		C827E39B2990D17C0039ED5E /* AppConstants.swift in Sources */ = {isa = PBXBuildFile; fileRef = C827E39A2990D17C0039ED5E /* AppConstants.swift */; };
		C827E39E2990D32D0039ED5E /* AcronymFinderViewModel.swift in Sources */ = {isa = PBXBuildFile; fileRef = C827E39D2990D32D0039ED5E /* AcronymFinderViewModel.swift */; };
		C827E3A12990DF1C0039ED5E /* RequestHelper.swift in Sources */ = {isa = PBXBuildFile; fileRef = C827E3A02990DF1C0039ED5E /* RequestHelper.swift */; };
/* End PBXBuildFile section */

/* Begin PBXContainerItemProxy section */
		C827E3772990CB5E0039ED5E /* PBXContainerItemProxy */ = {
			isa = PBXContainerItemProxy;
			containerPortal = C827E3552990CB5C0039ED5E /* Project object */;
			proxyType = 1;
			remoteGlobalIDString = C827E35C2990CB5C0039ED5E;
			remoteInfo = AcronymFinder;
		};
		C827E3812990CB5E0039ED5E /* PBXContainerItemProxy */ = {
			isa = PBXContainerItemProxy;
			containerPortal = C827E3552990CB5C0039ED5E /* Project object */;
			proxyType = 1;
			remoteGlobalIDString = C827E35C2990CB5C0039ED5E;
			remoteInfo = AcronymFinder;
		};
/* End PBXContainerItemProxy section */

/* Begin PBXFileReference section */
		C827E35D2990CB5C0039ED5E /* AcronymFinder.app */ = {isa = PBXFileReference; explicitFileType = wrapper.application; includeInIndex = 0; path = AcronymFinder.app; sourceTree = BUILT_PRODUCTS_DIR; };
		C827E3602990CB5C0039ED5E /* AppDelegate.swift */ = {isa = PBXFileReference; lastKnownFileType = sourcecode.swift; path = AppDelegate.swift; sourceTree = "<group>"; };
		C827E3622990CB5C0039ED5E /* SceneDelegate.swift */ = {isa = PBXFileReference; lastKnownFileType = sourcecode.swift; path = SceneDelegate.swift; sourceTree = "<group>"; };
		C827E3672990CB5C0039ED5E /* Base */ = {isa = PBXFileReference; lastKnownFileType = file.storyboard; name = Base; path = Base.lproj/Main.storyboard; sourceTree = "<group>"; };
		C827E36A2990CB5C0039ED5E /* AcronymFinder.xcdatamodel */ = {isa = PBXFileReference; lastKnownFileType = wrapper.xcdatamodel; path = AcronymFinder.xcdatamodel; sourceTree = "<group>"; };
		C827E36C2990CB5E0039ED5E /* Assets.xcassets */ = {isa = PBXFileReference; lastKnownFileType = folder.assetcatalog; path = Assets.xcassets; sourceTree = "<group>"; };
		C827E36F2990CB5E0039ED5E /* Base */ = {isa = PBXFileReference; lastKnownFileType = file.storyboard; name = Base; path = Base.lproj/LaunchScreen.storyboard; sourceTree = "<group>"; };
		C827E3712990CB5E0039ED5E /* Info.plist */ = {isa = PBXFileReference; lastKnownFileType = text.plist.xml; path = Info.plist; sourceTree = "<group>"; };
		C827E3762990CB5E0039ED5E /* AcronymFinderTests.xctest */ = {isa = PBXFileReference; explicitFileType = wrapper.cfbundle; includeInIndex = 0; path = AcronymFinderTests.xctest; sourceTree = BUILT_PRODUCTS_DIR; };
		C827E37A2990CB5E0039ED5E /* AcronymFinderTests.swift */ = {isa = PBXFileReference; lastKnownFileType = sourcecode.swift; path = AcronymFinderTests.swift; sourceTree = "<group>"; };
		C827E3802990CB5E0039ED5E /* AcronymFinderUITests.xctest */ = {isa = PBXFileReference; explicitFileType = wrapper.cfbundle; includeInIndex = 0; path = AcronymFinderUITests.xctest; sourceTree = BUILT_PRODUCTS_DIR; };
		C827E3842990CB5E0039ED5E /* AcronymFinderUITests.swift */ = {isa = PBXFileReference; lastKnownFileType = sourcecode.swift; path = AcronymFinderUITests.swift; sourceTree = "<group>"; };
		C827E3862990CB5E0039ED5E /* AcronymFinderUITestsLaunchTests.swift */ = {isa = PBXFileReference; lastKnownFileType = sourcecode.swift; path = AcronymFinderUITestsLaunchTests.swift; sourceTree = "<group>"; };
		C827E3942990CBA80039ED5E /* AcronymFinderViewController.swift */ = {isa = PBXFileReference; lastKnownFileType = sourcecode.swift; path = AcronymFinderViewController.swift; sourceTree = "<group>"; };
		C827E3972990CF500039ED5E /* AcronymDataModel.swift */ = {isa = PBXFileReference; lastKnownFileType = sourcecode.swift; path = AcronymDataModel.swift; sourceTree = "<group>"; };
		C827E39A2990D17C0039ED5E /* AppConstants.swift */ = {isa = PBXFileReference; lastKnownFileType = sourcecode.swift; path = AppConstants.swift; sourceTree = "<group>"; };
		C827E39D2990D32D0039ED5E /* AcronymFinderViewModel.swift */ = {isa = PBXFileReference; lastKnownFileType = sourcecode.swift; path = AcronymFinderViewModel.swift; sourceTree = "<group>"; };
		C827E3A02990DF1C0039ED5E /* RequestHelper.swift */ = {isa = PBXFileReference; lastKnownFileType = sourcecode.swift; path = RequestHelper.swift; sourceTree = "<group>"; };
/* End PBXFileReference section */

/* Begin PBXFrameworksBuildPhase section */
		C827E35A2990CB5C0039ED5E /* Frameworks */ = {
			isa = PBXFrameworksBuildPhase;
			buildActionMask = 2147483647;
			files = (
			);
			runOnlyForDeploymentPostprocessing = 0;
		};
		C827E3732990CB5E0039ED5E /* Frameworks */ = {
			isa = PBXFrameworksBuildPhase;
			buildActionMask = 2147483647;
			files = (
			);
			runOnlyForDeploymentPostprocessing = 0;
		};
		C827E37D2990CB5E0039ED5E /* Frameworks */ = {
			isa = PBXFrameworksBuildPhase;
			buildActionMask = 2147483647;
			files = (
			);
			runOnlyForDeploymentPostprocessing = 0;
		};
/* End PBXFrameworksBuildPhase section */

/* Begin PBXGroup section */
		C827E3542990CB5C0039ED5E = {
			isa = PBXGroup;
			children = (
				C827E35F2990CB5C0039ED5E /* AcronymFinder */,
				C827E3792990CB5E0039ED5E /* AcronymFinderTests */,
				C827E3832990CB5E0039ED5E /* AcronymFinderUITests */,
				C827E35E2990CB5C0039ED5E /* Products */,
			);
			sourceTree = "<group>";
		};
		C827E35E2990CB5C0039ED5E /* Products */ = {
			isa = PBXGroup;
			children = (
				C827E35D2990CB5C0039ED5E /* AcronymFinder.app */,
				C827E3762990CB5E0039ED5E /* AcronymFinderTests.xctest */,
				C827E3802990CB5E0039ED5E /* AcronymFinderUITests.xctest */,
			);
			name = Products;
			sourceTree = "<group>";
		};
		C827E35F2990CB5C0039ED5E /* AcronymFinder */ = {
			isa = PBXGroup;
			children = (
				C827E3962990CF3A0039ED5E /* Model */,
				C827E3932990CB870039ED5E /* View */,
				C827E39C2990D29B0039ED5E /* ViewModel */,
				C827E39F2990DF060039ED5E /* RequestHelper */,
				C827E3992990D1620039ED5E /* Constants */,
				C827E3602990CB5C0039ED5E /* AppDelegate.swift */,
				C827E3622990CB5C0039ED5E /* SceneDelegate.swift */,
				C827E3662990CB5C0039ED5E /* Main.storyboard */,
				C827E36C2990CB5E0039ED5E /* Assets.xcassets */,
				C827E36E2990CB5E0039ED5E /* LaunchScreen.storyboard */,
				C827E3712990CB5E0039ED5E /* Info.plist */,
				C827E3692990CB5C0039ED5E /* AcronymFinder.xcdatamodeld */,
			);
			path = AcronymFinder;
			sourceTree = "<group>";
		};
		C827E3792990CB5E0039ED5E /* AcronymFinderTests */ = {
			isa = PBXGroup;
			children = (
				C827E37A2990CB5E0039ED5E /* AcronymFinderTests.swift */,
			);
			path = AcronymFinderTests;
			sourceTree = "<group>";
		};
		C827E3832990CB5E0039ED5E /* AcronymFinderUITests */ = {
			isa = PBXGroup;
			children = (
				C827E3842990CB5E0039ED5E /* AcronymFinderUITests.swift */,
				C827E3862990CB5E0039ED5E /* AcronymFinderUITestsLaunchTests.swift */,
			);
			path = AcronymFinderUITests;
			sourceTree = "<group>";
		};
		C827E3932990CB870039ED5E /* View */ = {
			isa = PBXGroup;
			children = (
				C827E3942990CBA80039ED5E /* AcronymFinderViewController.swift */,
			);
			path = View;
			sourceTree = "<group>";
		};
		C827E3962990CF3A0039ED5E /* Model */ = {
			isa = PBXGroup;
			children = (
				C827E3972990CF500039ED5E /* AcronymDataModel.swift */,
			);
			path = Model;
			sourceTree = "<group>";
		};
		C827E3992990D1620039ED5E /* Constants */ = {
			isa = PBXGroup;
			children = (
				C827E39A2990D17C0039ED5E /* AppConstants.swift */,
			);
			path = Constants;
			sourceTree = "<group>";
		};
		C827E39C2990D29B0039ED5E /* ViewModel */ = {
			isa = PBXGroup;
			children = (
				C827E39D2990D32D0039ED5E /* AcronymFinderViewModel.swift */,
			);
			path = ViewModel;
			sourceTree = "<group>";
		};
		C827E39F2990DF060039ED5E /* RequestHelper */ = {
			isa = PBXGroup;
			children = (
				C827E3A02990DF1C0039ED5E /* RequestHelper.swift */,
			);
			path = RequestHelper;
			sourceTree = "<group>";
		};
/* End PBXGroup section */

/* Begin PBXNativeTarget section */
		C827E35C2990CB5C0039ED5E /* AcronymFinder */ = {
			isa = PBXNativeTarget;
			buildConfigurationList = C827E38A2990CB5E0039ED5E /* Build configuration list for PBXNativeTarget "AcronymFinder" */;
			buildPhases = (
				C827E3592990CB5C0039ED5E /* Sources */,
				C827E35A2990CB5C0039ED5E /* Frameworks */,
				C827E35B2990CB5C0039ED5E /* Resources */,
			);
			buildRules = (
			);
			dependencies = (
			);
			name = AcronymFinder;
			productName = AcronymFinder;
			productReference = C827E35D2990CB5C0039ED5E /* AcronymFinder.app */;
			productType = "com.apple.product-type.application";
		};
		C827E3752990CB5E0039ED5E /* AcronymFinderTests */ = {
			isa = PBXNativeTarget;
			buildConfigurationList = C827E38D2990CB5E0039ED5E /* Build configuration list for PBXNativeTarget "AcronymFinderTests" */;
			buildPhases = (
				C827E3722990CB5E0039ED5E /* Sources */,
				C827E3732990CB5E0039ED5E /* Frameworks */,
				C827E3742990CB5E0039ED5E /* Resources */,
			);
			buildRules = (
			);
			dependencies = (
				C827E3782990CB5E0039ED5E /* PBXTargetDependency */,
			);
			name = AcronymFinderTests;
			productName = AcronymFinderTests;
			productReference = C827E3762990CB5E0039ED5E /* AcronymFinderTests.xctest */;
			productType = "com.apple.product-type.bundle.unit-test";
		};
		C827E37F2990CB5E0039ED5E /* AcronymFinderUITests */ = {
			isa = PBXNativeTarget;
			buildConfigurationList = C827E3902990CB5E0039ED5E /* Build configuration list for PBXNativeTarget "AcronymFinderUITests" */;
			buildPhases = (
				C827E37C2990CB5E0039ED5E /* Sources */,
				C827E37D2990CB5E0039ED5E /* Frameworks */,
				C827E37E2990CB5E0039ED5E /* Resources */,
			);
			buildRules = (
			);
			dependencies = (
				C827E3822990CB5E0039ED5E /* PBXTargetDependency */,
			);
			name = AcronymFinderUITests;
			productName = AcronymFinderUITests;
			productReference = C827E3802990CB5E0039ED5E /* AcronymFinderUITests.xctest */;
			productType = "com.apple.product-type.bundle.ui-testing";
		};
/* End PBXNativeTarget section */

/* Begin PBXProject section */
		C827E3552990CB5C0039ED5E /* Project object */ = {
			isa = PBXProject;
			attributes = {
				BuildIndependentTargetsInParallel = 1;
				LastSwiftUpdateCheck = 1420;
				LastUpgradeCheck = 1420;
				TargetAttributes = {
					C827E35C2990CB5C0039ED5E = {
						CreatedOnToolsVersion = 14.2;
					};
					C827E3752990CB5E0039ED5E = {
						CreatedOnToolsVersion = 14.2;
						TestTargetID = C827E35C2990CB5C0039ED5E;
					};
					C827E37F2990CB5E0039ED5E = {
						CreatedOnToolsVersion = 14.2;
						TestTargetID = C827E35C2990CB5C0039ED5E;
					};
				};
			};
			buildConfigurationList = C827E3582990CB5C0039ED5E /* Build configuration list for PBXProject "AcronymFinder" */;
			compatibilityVersion = "Xcode 14.0";
			developmentRegion = en;
			hasScannedForEncodings = 0;
			knownRegions = (
				en,
				Base,
			);
			mainGroup = C827E3542990CB5C0039ED5E;
			productRefGroup = C827E35E2990CB5C0039ED5E /* Products */;
			projectDirPath = "";
			projectRoot = "";
			targets = (
				C827E35C2990CB5C0039ED5E /* AcronymFinder */,
				C827E3752990CB5E0039ED5E /* AcronymFinderTests */,
				C827E37F2990CB5E0039ED5E /* AcronymFinderUITests */,
			);
		};
/* End PBXProject section */

/* Begin PBXResourcesBuildPhase section */
		C827E35B2990CB5C0039ED5E /* Resources */ = {
			isa = PBXResourcesBuildPhase;
			buildActionMask = 2147483647;
			files = (
				C827E3702990CB5E0039ED5E /* LaunchScreen.storyboard in Resources */,
				C827E36D2990CB5E0039ED5E /* Assets.xcassets in Resources */,
				C827E3682990CB5C0039ED5E /* Main.storyboard in Resources */,
			);
			runOnlyForDeploymentPostprocessing = 0;
		};
		C827E3742990CB5E0039ED5E /* Resources */ = {
			isa = PBXResourcesBuildPhase;
			buildActionMask = 2147483647;
			files = (
			);
			runOnlyForDeploymentPostprocessing = 0;
		};
		C827E37E2990CB5E0039ED5E /* Resources */ = {
			isa = PBXResourcesBuildPhase;
			buildActionMask = 2147483647;
			files = (
			);
			runOnlyForDeploymentPostprocessing = 0;
		};
/* End PBXResourcesBuildPhase section */

/* Begin PBXSourcesBuildPhase section */
		C827E3592990CB5C0039ED5E /* Sources */ = {
			isa = PBXSourcesBuildPhase;
			buildActionMask = 2147483647;
			files = (
				C827E3612990CB5C0039ED5E /* AppDelegate.swift in Sources */,
				C827E39B2990D17C0039ED5E /* AppConstants.swift in Sources */,
				C827E3952990CBA80039ED5E /* AcronymFinderViewController.swift in Sources */,
				C827E3632990CB5C0039ED5E /* SceneDelegate.swift in Sources */,
				C827E39E2990D32D0039ED5E /* AcronymFinderViewModel.swift in Sources */,
				C827E3982990CF500039ED5E /* AcronymDataModel.swift in Sources */,
				C827E36B2990CB5C0039ED5E /* AcronymFinder.xcdatamodeld in Sources */,
				C827E3A12990DF1C0039ED5E /* RequestHelper.swift in Sources */,
			);
			runOnlyForDeploymentPostprocessing = 0;
		};
		C827E3722990CB5E0039ED5E /* Sources */ = {
			isa = PBXSourcesBuildPhase;
			buildActionMask = 2147483647;
			files = (
				C827E37B2990CB5E0039ED5E /* AcronymFinderTests.swift in Sources */,
			);
			runOnlyForDeploymentPostprocessing = 0;
		};
		C827E37C2990CB5E0039ED5E /* Sources */ = {
			isa = PBXSourcesBuildPhase;
			buildActionMask = 2147483647;
			files = (
				C827E3872990CB5E0039ED5E /* AcronymFinderUITestsLaunchTests.swift in Sources */,
				C827E3852990CB5E0039ED5E /* AcronymFinderUITests.swift in Sources */,
			);
			runOnlyForDeploymentPostprocessing = 0;
		};
/* End PBXSourcesBuildPhase section */

/* Begin PBXTargetDependency section */
		C827E3782990CB5E0039ED5E /* PBXTargetDependency */ = {
			isa = PBXTargetDependency;
			target = C827E35C2990CB5C0039ED5E /* AcronymFinder */;
			targetProxy = C827E3772990CB5E0039ED5E /* PBXContainerItemProxy */;
		};
		C827E3822990CB5E0039ED5E /* PBXTargetDependency */ = {
			isa = PBXTargetDependency;
			target = C827E35C2990CB5C0039ED5E /* AcronymFinder */;
			targetProxy = C827E3812990CB5E0039ED5E /* PBXContainerItemProxy */;
		};
/* End PBXTargetDependency section */

/* Begin PBXVariantGroup section */
		C827E3662990CB5C0039ED5E /* Main.storyboard */ = {
			isa = PBXVariantGroup;
			children = (
				C827E3672990CB5C0039ED5E /* Base */,
			);
			name = Main.storyboard;
			sourceTree = "<group>";
		};
		C827E36E2990CB5E0039ED5E /* LaunchScreen.storyboard */ = {
			isa = PBXVariantGroup;
			children = (
				C827E36F2990CB5E0039ED5E /* Base */,
			);
			name = LaunchScreen.storyboard;
			sourceTree = "<group>";
		};
/* End PBXVariantGroup section */

/* Begin XCBuildConfiguration section */
		C827E3882990CB5E0039ED5E /* Debug */ = {
			isa = XCBuildConfiguration;
			buildSettings = {
				ALWAYS_SEARCH_USER_PATHS = NO;
				CLANG_ANALYZER_NONNULL = YES;
				CLANG_ANALYZER_NUMBER_OBJECT_CONVERSION = YES_AGGRESSIVE;
				CLANG_CXX_LANGUAGE_STANDARD = "gnu++20";
				CLANG_ENABLE_MODULES = YES;
				CLANG_ENABLE_OBJC_ARC = YES;
				CLANG_ENABLE_OBJC_WEAK = YES;
				CLANG_WARN_BLOCK_CAPTURE_AUTORELEASING = YES;
				CLANG_WARN_BOOL_CONVERSION = YES;
				CLANG_WARN_COMMA = YES;
				CLANG_WARN_CONSTANT_CONVERSION = YES;
				CLANG_WARN_DEPRECATED_OBJC_IMPLEMENTATIONS = YES;
				CLANG_WARN_DIRECT_OBJC_ISA_USAGE = YES_ERROR;
				CLANG_WARN_DOCUMENTATION_COMMENTS = YES;
				CLANG_WARN_EMPTY_BODY = YES;
				CLANG_WARN_ENUM_CONVERSION = YES;
				CLANG_WARN_INFINITE_RECURSION = YES;
				CLANG_WARN_INT_CONVERSION = YES;
				CLANG_WARN_NON_LITERAL_NULL_CONVERSION = YES;
				CLANG_WARN_OBJC_IMPLICIT_RETAIN_SELF = YES;
				CLANG_WARN_OBJC_LITERAL_CONVERSION = YES;
				CLANG_WARN_OBJC_ROOT_CLASS = YES_ERROR;
				CLANG_WARN_QUOTED_INCLUDE_IN_FRAMEWORK_HEADER = YES;
				CLANG_WARN_RANGE_LOOP_ANALYSIS = YES;
				CLANG_WARN_STRICT_PROTOTYPES = YES;
				CLANG_WARN_SUSPICIOUS_MOVE = YES;
				CLANG_WARN_UNGUARDED_AVAILABILITY = YES_AGGRESSIVE;
				CLANG_WARN_UNREACHABLE_CODE = YES;
				CLANG_WARN__DUPLICATE_METHOD_MATCH = YES;
				COPY_PHASE_STRIP = NO;
				DEBUG_INFORMATION_FORMAT = dwarf;
				ENABLE_STRICT_OBJC_MSGSEND = YES;
				ENABLE_TESTABILITY = YES;
				GCC_C_LANGUAGE_STANDARD = gnu11;
				GCC_DYNAMIC_NO_PIC = NO;
				GCC_NO_COMMON_BLOCKS = YES;
				GCC_OPTIMIZATION_LEVEL = 0;
				GCC_PREPROCESSOR_DEFINITIONS = (
					"DEBUG=1",
					"$(inherited)",
				);
				GCC_WARN_64_TO_32_BIT_CONVERSION = YES;
				GCC_WARN_ABOUT_RETURN_TYPE = YES_ERROR;
				GCC_WARN_UNDECLARED_SELECTOR = YES;
				GCC_WARN_UNINITIALIZED_AUTOS = YES_AGGRESSIVE;
				GCC_WARN_UNUSED_FUNCTION = YES;
				GCC_WARN_UNUSED_VARIABLE = YES;
				IPHONEOS_DEPLOYMENT_TARGET = 16.2;
				MTL_ENABLE_DEBUG_INFO = INCLUDE_SOURCE;
				MTL_FAST_MATH = YES;
				ONLY_ACTIVE_ARCH = YES;
				SDKROOT = iphoneos;
				SWIFT_ACTIVE_COMPILATION_CONDITIONS = DEBUG;
				SWIFT_OPTIMIZATION_LEVEL = "-Onone";
			};
			name = Debug;
		};
		C827E3892990CB5E0039ED5E /* Release */ = {
			isa = XCBuildConfiguration;
			buildSettings = {
				ALWAYS_SEARCH_USER_PATHS = NO;
				CLANG_ANALYZER_NONNULL = YES;
				CLANG_ANALYZER_NUMBER_OBJECT_CONVERSION = YES_AGGRESSIVE;
				CLANG_CXX_LANGUAGE_STANDARD = "gnu++20";
				CLANG_ENABLE_MODULES = YES;
				CLANG_ENABLE_OBJC_ARC = YES;
				CLANG_ENABLE_OBJC_WEAK = YES;
				CLANG_WARN_BLOCK_CAPTURE_AUTORELEASING = YES;
				CLANG_WARN_BOOL_CONVERSION = YES;
				CLANG_WARN_COMMA = YES;
				CLANG_WARN_CONSTANT_CONVERSION = YES;
				CLANG_WARN_DEPRECATED_OBJC_IMPLEMENTATIONS = YES;
				CLANG_WARN_DIRECT_OBJC_ISA_USAGE = YES_ERROR;
				CLANG_WARN_DOCUMENTATION_COMMENTS = YES;
				CLANG_WARN_EMPTY_BODY = YES;
				CLANG_WARN_ENUM_CONVERSION = YES;
				CLANG_WARN_INFINITE_RECURSION = YES;
				CLANG_WARN_INT_CONVERSION = YES;
				CLANG_WARN_NON_LITERAL_NULL_CONVERSION = YES;
				CLANG_WARN_OBJC_IMPLICIT_RETAIN_SELF = YES;
				CLANG_WARN_OBJC_LITERAL_CONVERSION = YES;
				CLANG_WARN_OBJC_ROOT_CLASS = YES_ERROR;
				CLANG_WARN_QUOTED_INCLUDE_IN_FRAMEWORK_HEADER = YES;
				CLANG_WARN_RANGE_LOOP_ANALYSIS = YES;
				CLANG_WARN_STRICT_PROTOTYPES = YES;
				CLANG_WARN_SUSPICIOUS_MOVE = YES;
				CLANG_WARN_UNGUARDED_AVAILABILITY = YES_AGGRESSIVE;
				CLANG_WARN_UNREACHABLE_CODE = YES;
				CLANG_WARN__DUPLICATE_METHOD_MATCH = YES;
				COPY_PHASE_STRIP = NO;
				DEBUG_INFORMATION_FORMAT = "dwarf-with-dsym";
				ENABLE_NS_ASSERTIONS = NO;
				ENABLE_STRICT_OBJC_MSGSEND = YES;
				GCC_C_LANGUAGE_STANDARD = gnu11;
				GCC_NO_COMMON_BLOCKS = YES;
				GCC_WARN_64_TO_32_BIT_CONVERSION = YES;
				GCC_WARN_ABOUT_RETURN_TYPE = YES_ERROR;
				GCC_WARN_UNDECLARED_SELECTOR = YES;
				GCC_WARN_UNINITIALIZED_AUTOS = YES_AGGRESSIVE;
				GCC_WARN_UNUSED_FUNCTION = YES;
				GCC_WARN_UNUSED_VARIABLE = YES;
				IPHONEOS_DEPLOYMENT_TARGET = 16.2;
				MTL_ENABLE_DEBUG_INFO = NO;
				MTL_FAST_MATH = YES;
				SDKROOT = iphoneos;
				SWIFT_COMPILATION_MODE = wholemodule;
				SWIFT_OPTIMIZATION_LEVEL = "-O";
				VALIDATE_PRODUCT = YES;
			};
			name = Release;
		};
		C827E38B2990CB5E0039ED5E /* Debug */ = {
			isa = XCBuildConfiguration;
			buildSettings = {
				ASSETCATALOG_COMPILER_APPICON_NAME = AppIcon;
				ASSETCATALOG_COMPILER_GLOBAL_ACCENT_COLOR_NAME = AccentColor;
				CODE_SIGN_STYLE = Automatic;
				CURRENT_PROJECT_VERSION = 1;
				DEVELOPMENT_TEAM = 7BDB44YNXP;
				GENERATE_INFOPLIST_FILE = YES;
				INFOPLIST_FILE = AcronymFinder/Info.plist;
				INFOPLIST_KEY_UIApplicationSupportsIndirectInputEvents = YES;
				INFOPLIST_KEY_UILaunchStoryboardName = LaunchScreen;
				INFOPLIST_KEY_UIMainStoryboardFile = Main;
				INFOPLIST_KEY_UISupportedInterfaceOrientations_iPad = "UIInterfaceOrientationPortrait UIInterfaceOrientationPortraitUpsideDown UIInterfaceOrientationLandscapeLeft UIInterfaceOrientationLandscapeRight";
				INFOPLIST_KEY_UISupportedInterfaceOrientations_iPhone = "UIInterfaceOrientationPortrait UIInterfaceOrientationLandscapeLeft UIInterfaceOrientationLandscapeRight";
				IPHONEOS_DEPLOYMENT_TARGET = 13.0;
				LD_RUNPATH_SEARCH_PATHS = (
					"$(inherited)",
					"@executable_path/Frameworks",
				);
				MARKETING_VERSION = 1.0;
				PRODUCT_BUNDLE_IDENTIFIER = com.Jeet.AcronymFinder;
				PRODUCT_NAME = "$(TARGET_NAME)";
				SWIFT_EMIT_LOC_STRINGS = YES;
				SWIFT_VERSION = 5.0;
				TARGETED_DEVICE_FAMILY = "1,2";
			};
			name = Debug;
		};
		C827E38C2990CB5E0039ED5E /* Release */ = {
			isa = XCBuildConfiguration;
			buildSettings = {
				ASSETCATALOG_COMPILER_APPICON_NAME = AppIcon;
				ASSETCATALOG_COMPILER_GLOBAL_ACCENT_COLOR_NAME = AccentColor;
				CODE_SIGN_STYLE = Automatic;
				CURRENT_PROJECT_VERSION = 1;
				DEVELOPMENT_TEAM = 7BDB44YNXP;
				GENERATE_INFOPLIST_FILE = YES;
				INFOPLIST_FILE = AcronymFinder/Info.plist;
				INFOPLIST_KEY_UIApplicationSupportsIndirectInputEvents = YES;
				INFOPLIST_KEY_UILaunchStoryboardName = LaunchScreen;
				INFOPLIST_KEY_UIMainStoryboardFile = Main;
				INFOPLIST_KEY_UISupportedInterfaceOrientations_iPad = "UIInterfaceOrientationPortrait UIInterfaceOrientationPortraitUpsideDown UIInterfaceOrientationLandscapeLeft UIInterfaceOrientationLandscapeRight";
				INFOPLIST_KEY_UISupportedInterfaceOrientations_iPhone = "UIInterfaceOrientationPortrait UIInterfaceOrientationLandscapeLeft UIInterfaceOrientationLandscapeRight";
				IPHONEOS_DEPLOYMENT_TARGET = 13.0;
				LD_RUNPATH_SEARCH_PATHS = (
					"$(inherited)",
					"@executable_path/Frameworks",
				);
				MARKETING_VERSION = 1.0;
				PRODUCT_BUNDLE_IDENTIFIER = com.Jeet.AcronymFinder;
				PRODUCT_NAME = "$(TARGET_NAME)";
				SWIFT_EMIT_LOC_STRINGS = YES;
				SWIFT_VERSION = 5.0;
				TARGETED_DEVICE_FAMILY = "1,2";
			};
			name = Release;
		};
		C827E38E2990CB5E0039ED5E /* Debug */ = {
			isa = XCBuildConfiguration;
			buildSettings = {
				ALWAYS_EMBED_SWIFT_STANDARD_LIBRARIES = YES;
				BUNDLE_LOADER = "$(TEST_HOST)";
				CODE_SIGN_STYLE = Automatic;
				CURRENT_PROJECT_VERSION = 1;
				DEVELOPMENT_TEAM = 7BDB44YNXP;
				GENERATE_INFOPLIST_FILE = YES;
				IPHONEOS_DEPLOYMENT_TARGET = 16.2;
				MARKETING_VERSION = 1.0;
				PRODUCT_BUNDLE_IDENTIFIER = com.Jeet.AcronymFinderTests;
				PRODUCT_NAME = "$(TARGET_NAME)";
				SWIFT_EMIT_LOC_STRINGS = NO;
				SWIFT_VERSION = 5.0;
				TARGETED_DEVICE_FAMILY = "1,2";
				TEST_HOST = "$(BUILT_PRODUCTS_DIR)/AcronymFinder.app/$(BUNDLE_EXECUTABLE_FOLDER_PATH)/AcronymFinder";
			};
			name = Debug;
		};
		C827E38F2990CB5E0039ED5E /* Release */ = {
			isa = XCBuildConfiguration;
			buildSettings = {
				ALWAYS_EMBED_SWIFT_STANDARD_LIBRARIES = YES;
				BUNDLE_LOADER = "$(TEST_HOST)";
				CODE_SIGN_STYLE = Automatic;
				CURRENT_PROJECT_VERSION = 1;
				DEVELOPMENT_TEAM = 7BDB44YNXP;
				GENERATE_INFOPLIST_FILE = YES;
				IPHONEOS_DEPLOYMENT_TARGET = 16.2;
				MARKETING_VERSION = 1.0;
				PRODUCT_BUNDLE_IDENTIFIER = com.Jeet.AcronymFinderTests;
				PRODUCT_NAME = "$(TARGET_NAME)";
				SWIFT_EMIT_LOC_STRINGS = NO;
				SWIFT_VERSION = 5.0;
				TARGETED_DEVICE_FAMILY = "1,2";
				TEST_HOST = "$(BUILT_PRODUCTS_DIR)/AcronymFinder.app/$(BUNDLE_EXECUTABLE_FOLDER_PATH)/AcronymFinder";
			};
			name = Release;
		};
		C827E3912990CB5E0039ED5E /* Debug */ = {
			isa = XCBuildConfiguration;
			buildSettings = {
				ALWAYS_EMBED_SWIFT_STANDARD_LIBRARIES = YES;
				CODE_SIGN_STYLE = Automatic;
				CURRENT_PROJECT_VERSION = 1;
				DEVELOPMENT_TEAM = 7BDB44YNXP;
				GENERATE_INFOPLIST_FILE = YES;
				MARKETING_VERSION = 1.0;
				PRODUCT_BUNDLE_IDENTIFIER = com.Jeet.AcronymFinderUITests;
				PRODUCT_NAME = "$(TARGET_NAME)";
				SWIFT_EMIT_LOC_STRINGS = NO;
				SWIFT_VERSION = 5.0;
				TARGETED_DEVICE_FAMILY = "1,2";
				TEST_TARGET_NAME = AcronymFinder;
			};
			name = Debug;
		};
		C827E3922990CB5E0039ED5E /* Release */ = {
			isa = XCBuildConfiguration;
			buildSettings = {
				ALWAYS_EMBED_SWIFT_STANDARD_LIBRARIES = YES;
				CODE_SIGN_STYLE = Automatic;
				CURRENT_PROJECT_VERSION = 1;
				DEVELOPMENT_TEAM = 7BDB44YNXP;
				GENERATE_INFOPLIST_FILE = YES;
				MARKETING_VERSION = 1.0;
				PRODUCT_BUNDLE_IDENTIFIER = com.Jeet.AcronymFinderUITests;
				PRODUCT_NAME = "$(TARGET_NAME)";
				SWIFT_EMIT_LOC_STRINGS = NO;
				SWIFT_VERSION = 5.0;
				TARGETED_DEVICE_FAMILY = "1,2";
				TEST_TARGET_NAME = AcronymFinder;
			};
			name = Release;
		};
/* End XCBuildConfiguration section */

/* Begin XCConfigurationList section */
		C827E3582990CB5C0039ED5E /* Build configuration list for PBXProject "AcronymFinder" */ = {
			isa = XCConfigurationList;
			buildConfigurations = (
				C827E3882990CB5E0039ED5E /* Debug */,
				C827E3892990CB5E0039ED5E /* Release */,
			);
			defaultConfigurationIsVisible = 0;
			defaultConfigurationName = Release;
		};
		C827E38A2990CB5E0039ED5E /* Build configuration list for PBXNativeTarget "AcronymFinder" */ = {
			isa = XCConfigurationList;
			buildConfigurations = (
				C827E38B2990CB5E0039ED5E /* Debug */,
				C827E38C2990CB5E0039ED5E /* Release */,
			);
			defaultConfigurationIsVisible = 0;
			defaultConfigurationName = Release;
		};
		C827E38D2990CB5E0039ED5E /* Build configuration list for PBXNativeTarget "AcronymFinderTests" */ = {
			isa = XCConfigurationList;
			buildConfigurations = (
				C827E38E2990CB5E0039ED5E /* Debug */,
				C827E38F2990CB5E0039ED5E /* Release */,
			);
			defaultConfigurationIsVisible = 0;
			defaultConfigurationName = Release;
		};
		C827E3902990CB5E0039ED5E /* Build configuration list for PBXNativeTarget "AcronymFinderUITests" */ = {
			isa = XCConfigurationList;
			buildConfigurations = (
				C827E3912990CB5E0039ED5E /* Debug */,
				C827E3922990CB5E0039ED5E /* Release */,
			);
			defaultConfigurationIsVisible = 0;
			defaultConfigurationName = Release;
		};
/* End XCConfigurationList section */

/* Begin XCVersionGroup section */
		C827E3692990CB5C0039ED5E /* AcronymFinder.xcdatamodeld */ = {
			isa = XCVersionGroup;
			children = (
				C827E36A2990CB5C0039ED5E /* AcronymFinder.xcdatamodel */,
			);
			currentVersion = C827E36A2990CB5C0039ED5E /* AcronymFinder.xcdatamodel */;
			path = AcronymFinder.xcdatamodeld;
			sourceTree = "<group>";
			versionGroupType = wrapper.xcdatamodel;
		};
/* End XCVersionGroup section */
	};
	rootObject = C827E3552990CB5C0039ED5E /* Project object */;
}
